# THIS IS AN AUTOGENERATED FILE. DO NOT EDIT THIS FILE DIRECTLY.
# yarn lockfile v1


"@tauri-apps/api@^1.2.0":
  version "1.2.0"
  resolved "https://registry.yarnpkg.com/@tauri-apps/api/-/api-1.2.0.tgz#1f196b3e012971227f41b98214c846430a4eb477"
  integrity sha512-lsI54KI6HGf7VImuf/T9pnoejfgkNoXveP14pVV7XarrQ46rOejIVJLFqHI9sRReJMGdh2YuCoI3cc/yCWCsrw==

"@tauri-apps/cli-darwin-arm64@1.2.2":
  version "1.2.2"
  resolved "https://registry.yarnpkg.com/@tauri-apps/cli-darwin-arm64/-/cli-darwin-arm64-1.2.2.tgz#f18b0689b399b64dc67da41c0fd4da474be324fe"
  integrity sha512-W+Cp2weUMlvmGkRJeUjypbz9Lpl6o98xkgKAtobZSum5SNwpsBQfawJTESakNoD+FXyVg/snIk5sRdHge+tAaA==

"@tauri-apps/cli-darwin-x64@1.2.2":
  version "1.2.2"
  resolved "https://registry.yarnpkg.com/@tauri-apps/cli-darwin-x64/-/cli-darwin-x64-1.2.2.tgz#4450bd244f586da346651f62a5a41686cee36db7"
  integrity sha512-vmVAqt+ECH2d6cbcGJ7ddcCAZgmKe5xmxlL5r4xoaphu7OqU4gnv4VFURYkVltOfwzIFQVOPVSqwYyIDToCYNQ==

"@tauri-apps/cli-linux-arm-gnueabihf@1.2.2":
  version "1.2.2"
  resolved "https://registry.yarnpkg.com/@tauri-apps/cli-linux-arm-gnueabihf/-/cli-linux-arm-gnueabihf-1.2.2.tgz#a4d5b95665620605fb0f54cb77f8134239b58370"
  integrity sha512-yYTdQurgi4QZR8z+fANjl522jdQz/VtesFpw+C/A0+zXg7tiRjicsywBDdPsvNzCqFeGKKkmTR+Lny5qxhGaeQ==

"@tauri-apps/cli-linux-arm64-gnu@1.2.2":
  version "1.2.2"
  resolved "https://registry.yarnpkg.com/@tauri-apps/cli-linux-arm64-gnu/-/cli-linux-arm64-gnu-1.2.2.tgz#c992907586b42e2085160d45b3a17316c99febea"
  integrity sha512-ZSOVT6Eq1ay2+27B8KfA0MnpO7KYzONU6TjenH7DNcQki6eWGG5JoNu8QQ9Mdn3dAzY0XBP9i1ZHQOFu4iPtEg==

"@tauri-apps/cli-linux-arm64-musl@1.2.2":
  version "1.2.2"
  resolved "https://registry.yarnpkg.com/@tauri-apps/cli-linux-arm64-musl/-/cli-linux-arm64-musl-1.2.2.tgz#f8bd7901ce525b8433919e2cfe7ec22aace0f776"
  integrity sha512-/NHSkqNQ+Pr4PshvyD1CeNFaPCaCpe1OeuAQgVi0rboSecC9fXN96G5dQbSBoxOUcCo6f8aTVE7zkZ4WchFVog==

"@tauri-apps/cli-linux-x64-gnu@1.2.2":
  version "1.2.2"
  resolved "https://registry.yarnpkg.com/@tauri-apps/cli-linux-x64-gnu/-/cli-linux-x64-gnu-1.2.2.tgz#a558862d7101b0a641c5a994c9ee74edb8300fc5"
  integrity sha512-4YTmfPuyvlHsvCkATDMwhklfuQm3HKxYXv/IOW9H0ra6pS9efVhrFYIC9Vfv6XaKN85Vnn/FYTEGMJLwCxZw2Q==

"@tauri-apps/cli-linux-x64-musl@1.2.2":
  version "1.2.2"
  resolved "https://registry.yarnpkg.com/@tauri-apps/cli-linux-x64-musl/-/cli-linux-x64-musl-1.2.2.tgz#573e965a638864a65b606783d3dbd34114939277"
  integrity sha512-wr46tbscwFuCcA931R+ItOiUTT0djMmgKLd1HFCmFF82V9BKE2reIjr6O9l0NCXCo2WeD4pe3jA/Pt1dxDu+JA==

"@tauri-apps/cli-win32-ia32-msvc@1.2.2":
  version "1.2.2"
  resolved "https://registry.yarnpkg.com/@tauri-apps/cli-win32-ia32-msvc/-/cli-win32-ia32-msvc-1.2.2.tgz#0fe38283ffeb71acac6a6a317951dc75ec2d3dad"
  integrity sha512-6VmbVJOWUZJK5/JKhb3mNFKrKGfq0KV7lJGumfN95WJgkHeyL61p8bZit+o6ZgUGUhrOabkAawhDkrRY+ZQhIw==

"@tauri-apps/cli-win32-x64-msvc@1.2.2":
  version "1.2.2"
  resolved "https://registry.yarnpkg.com/@tauri-apps/cli-win32-x64-msvc/-/cli-win32-x64-msvc-1.2.2.tgz#9b8ea7c63f2883af105e204fc4f1f11a83990a59"
  integrity sha512-YRPJguJma+zSuRZpFoSZqls6+laggG1vqG0FPQWQTi+ywATgMpai2b2RZnffDlpHKp9mt4V/s2dtqOy6bpGZHg==

"@tauri-apps/cli@^1.2.2":
  version "1.2.2"
  resolved "https://registry.yarnpkg.com/@tauri-apps/cli/-/cli-1.2.2.tgz#cf7cb90d11c3c3b757efe07b7e2c48abde045ada"
  integrity sha512-D8zib3A0vWCvPPSyYLxww/OdDlVcY7fpcDVBH6qUvheOjj2aCyU7H9AYMRBwpgCfz8zY5+vomee+laLeB0H13w==
  optionalDependencies:
    "@tauri-apps/cli-darwin-arm64" "1.2.2"
    "@tauri-apps/cli-darwin-x64" "1.2.2"
    "@tauri-apps/cli-linux-arm-gnueabihf" "1.2.2"
    "@tauri-apps/cli-linux-arm64-gnu" "1.2.2"
    "@tauri-apps/cli-linux-arm64-musl" "1.2.2"
    "@tauri-apps/cli-linux-x64-gnu" "1.2.2"
    "@tauri-apps/cli-linux-x64-musl" "1.2.2"
    "@tauri-apps/cli-win32-ia32-msvc" "1.2.2"
    "@tauri-apps/cli-win32-x64-msvc" "1.2.2"
