{
  "version": "2",
  "remote": {
    "https://deno.land/std@0.114.0/async/deadline.ts": "1d6ac7aeaee22f75eb86e4e105d6161118aad7b41ae2dd14f4cfd3bf97472b93",
    "https://deno.land/std@0.114.0/async/debounce.ts": "b2f693e4baa16b62793fd618de6c003b63228db50ecfe3bd51fc5f6dc0bc264b",
    "https://deno.land/std@0.114.0/async/deferred.ts": "ab60d46ba561abb3b13c0c8085d05797a384b9f182935f051dc67136817acdee",
    "https://deno.land/std@0.114.0/async/delay.ts": "f2d8ccaa8ebc26594bd8b0989edfd8a96257a714c1dee2fb54d986e5bdd840ac",
    "https://deno.land/std@0.114.0/async/mod.ts": "78425176fabea7bd1046ce3819fd69ce40da85c83e0f174d17e8e224a91f7d10",
    "https://deno.land/std@0.114.0/async/mux_async_iterator.ts": "62abff3af9ff619e8f2adc96fc70d4ca020fa48a50c23c13f12d02ed2b760dbe",
    "https://deno.land/std@0.114.0/async/pool.ts": "353ce4f91865da203a097aa6f33de8966340c91b6f4a055611c8c5d534afd12f",
    "https://deno.land/std@0.114.0/async/tee.ts": "3e9f2ef6b36e55188de16a667c702ace4ad0cf84e3720379160e062bf27348ad",
    "https://deno.land/std@0.114.0/http/server.ts": "46f616eac1ca0ea7b9fce97102d185a3d97ae7d7d3bbd635b74cefe05ed1cb37",
    "https://deno.land/std@0.140.0/_util/assert.ts": "e94f2eb37cebd7f199952e242c77654e43333c1ac4c5c700e929ea3aa5489f74",
    "https://deno.land/std@0.140.0/_util/os.ts": "3b4c6e27febd119d36a416d7a97bd3b0251b77c88942c8f16ee5953ea13e2e49",
    "https://deno.land/std@0.140.0/path/_constants.ts": "df1db3ffa6dd6d1252cc9617e5d72165cd2483df90e93833e13580687b6083c3",
    "https://deno.land/std@0.140.0/path/_interface.ts": "ee3b431a336b80cf445441109d089b70d87d5e248f4f90ff906820889ecf8d09",
    "https://deno.land/std@0.140.0/path/_util.ts": "c1e9686d0164e29f7d880b2158971d805b6e0efc3110d0b3e24e4b8af2190d2b",
    "https://deno.land/std@0.140.0/path/common.ts": "bee563630abd2d97f99d83c96c2fa0cca7cee103e8cb4e7699ec4d5db7bd2633",
    "https://deno.land/std@0.140.0/path/glob.ts": "cb5255638de1048973c3e69e420c77dc04f75755524cb3b2e160fe9277d939ee",
    "https://deno.land/std@0.140.0/path/mod.ts": "d3e68d0abb393fb0bf94a6d07c46ec31dc755b544b13144dee931d8d5f06a52d",
    "https://deno.land/std@0.140.0/path/posix.ts": "293cdaec3ecccec0a9cc2b534302dfe308adb6f10861fa183275d6695faace44",
    "https://deno.land/std@0.140.0/path/separator.ts": "fe1816cb765a8068afb3e8f13ad272351c85cbc739af56dacfc7d93d710fe0f9",
    "https://deno.land/std@0.140.0/path/win32.ts": "31811536855e19ba37a999cd8d1b62078235548d67902ece4aa6b814596dd757",
    "https://deno.land/std@0.165.0/http/http_status.ts": "897575a7d6bc2b9123f6a38ecbc0f03d95a532c5d92029315dc9f508e12526b8",
    "https://deno.land/std@0.183.0/http/http_status.ts": "8a7bcfe3ac025199ad804075385e57f63d055b2aed539d943ccc277616d6f932",
    "https://deno.land/x/media_types@deprecated/mod.ts": "ef1423031579cc0cc125f099572dd3c245d1f7d71aed1da077515d29ba5636d6",
    "https://esm.sh/gun@0.2020.1237": "af2e61c9e7ad1bf53818cf179de9215fc60aacd449835bd027146b1e9ec3f2a1",
    "https://esm.sh/v113/gun@0.2020.1237/deno/gun.mjs": "7d8b459229d5dcee61eab3f87add6ff8eccf8dfc4c706e97d025c8d4df3f1e75",
    "https://esm.sh/v113/gun@0.2020.1237/index.d.ts": "8b36fedd65e4fb882809a21d2919577621982af339b9901818ece017ebfcf250",
    "https://esm.sh/v113/gun@0.2020.1237/types/gun/GunCallbackGet.d.ts": "8a095563a78b3d5f7e4d9b099dbca12c9b3dea737a1959af12465905b03bccba",
    "https://esm.sh/v113/gun@0.2020.1237/types/gun/GunCallbackMap.d.ts": "586962ff2d63d4ddd00fe3b7bb4f5d8e893e06a7fd498cbe3e24ce314665dfd0",
    "https://esm.sh/v113/gun@0.2020.1237/types/gun/GunCallbackOn.d.ts": "dbc73784a30f3723606baae187957aa9b95755a47ec26d03b046e2f1670e2509",
    "https://esm.sh/v113/gun@0.2020.1237/types/gun/GunCallbackOnce.d.ts": "99ebcb0cd2acb7a266c2c9181a897676343cb9d1c7ffab130a08b5edd80392e0",
    "https://esm.sh/v113/gun@0.2020.1237/types/gun/GunCallbackPut.d.ts": "44fdee19b6480b231283af9df377f059683f28840946901913b2e0d8b3a67a0a",
    "https://esm.sh/v113/gun@0.2020.1237/types/gun/GunHookCallbackBye.d.ts": "f1d84e9de80f8746343de9e3e9d6983123152177b077c2f10260ad9c98abd986",
    "https://esm.sh/v113/gun@0.2020.1237/types/gun/GunHookCallbackCreate.d.ts": "42bf3291d03526abf4ed11ef0f3d8850f42f41b3059bd5fce1ea08eeb714f06f",
    "https://esm.sh/v113/gun@0.2020.1237/types/gun/GunHookCallbackGet.d.ts": "cabbf413cb1118f55501d8b8d7c49a021e6d93caf4630f81b4c202a60ebbb8ad",
    "https://esm.sh/v113/gun@0.2020.1237/types/gun/GunHookCallbackHi.d.ts": "ce80ea1482f3266b08233417a4e5aaf30d31ed2784b9bccc6c3126bf375c6ffa",
    "https://esm.sh/v113/gun@0.2020.1237/types/gun/GunHookCallbackIn.d.ts": "a8100e4d6d4fc844a23de08419a516f03394898b4d11893b0d602a59dcca0090",
    "https://esm.sh/v113/gun@0.2020.1237/types/gun/GunHookCallbackOpt.d.ts": "f84f35badcc0297975d3cf8a15790b117031f2fbc2491941c0a91b9563dbddc5",
    "https://esm.sh/v113/gun@0.2020.1237/types/gun/GunHookCallbackOut.d.ts": "069125fcbfd1a9d8573a5c3e01b7efae6efffe9200fac37d0a3b84f8feba7171",
    "https://esm.sh/v113/gun@0.2020.1237/types/gun/GunHookCallbackPut.d.ts": "bb72feacca46f57273216d19d330a9ccf3f22a9e4d1c6292d901f8aeb145d8c6",
    "https://esm.sh/v113/gun@0.2020.1237/types/gun/GunNodeGet.d.ts": "c9334f102d1a15ada1670c22151638f28c7b451c9063b86e371151ab200c553f",
    "https://esm.sh/v113/gun@0.2020.1237/types/gun/GunNodePut.d.ts": "c58126d5d7b7be699b54ed51e8699bc49e11d3528da44f89b629ebf416477cde",
    "https://esm.sh/v113/gun@0.2020.1237/types/gun/GunOptions.d.ts": "1854ad82f027a2c80ac4e5082b53c6e1ced4079cf4025cc2e0bf3b0fa3bf79e2",
    "https://esm.sh/v113/gun@0.2020.1237/types/gun/GunOptionsOn.d.ts": "421398b24a1735ad49ce79ad8bce0a3d7eb017163750488534ea36babd06d61c",
    "https://esm.sh/v113/gun@0.2020.1237/types/gun/GunOptionsOnce.d.ts": "3b3c417826e6317c7eb8837f8502fcf927d36eebce4a1cd3c3f8a3f60ec57615",
    "https://esm.sh/v113/gun@0.2020.1237/types/gun/GunOptionsPut.d.ts": "c4976b028ea10b5e68d9ba465e8a6e175e583d28e43b0115f0edc5cefb8ba8bc",
    "https://esm.sh/v113/gun@0.2020.1237/types/gun/GunPeer.d.ts": "56f11b487fa64e3f5d356de0ecc54b89c4323074ef02e319ff97944ba089f02d",
    "https://esm.sh/v113/gun@0.2020.1237/types/gun/GunSchema.d.ts": "945e0377e7edefc820d034cf6266f2e1f85b50fe537368146682902d29110d34",
    "https://esm.sh/v113/gun@0.2020.1237/types/gun/GunSoul.d.ts": "465e4328eadd257ccb386c8fd5294888382bf9c178e6ed0ce598b53bfb267ce6",
    "https://esm.sh/v113/gun@0.2020.1237/types/gun/GunValueSimple.d.ts": "ab1ec5841981d6902bcb99489ec4336a2c300388fd3779ac255f8fff78722066",
    "https://esm.sh/v113/gun@0.2020.1237/types/gun/IGun.d.ts": "f2bd094f86422b40988055d040bb6862939578582ea83f876a005fbbbc9f1fac",
    "https://esm.sh/v113/gun@0.2020.1237/types/gun/IGunChain.d.ts": "0e45eaf394c1e4571a5bc5f39e644987e1052686b01f074136b1c732be9dfb33",
    "https://esm.sh/v113/gun@0.2020.1237/types/gun/IGunHookContext.d.ts": "81328325117cbf19b52d7deba6e5f01088c125a144c6164c74aee1ce29a5383e",
    "https://esm.sh/v113/gun@0.2020.1237/types/gun/IGunInstance.d.ts": "acc3ce6019c18237158e06042e702c13d96cb8e086676b951b088073baafe4b7",
    "https://esm.sh/v113/gun@0.2020.1237/types/gun/IGunInstanceHookHandler.d.ts": "3e3ca731f7c1b89c28ec1d98a4df3ea20bdec708e77fd030cb35f996e03bf255",
    "https://esm.sh/v113/gun@0.2020.1237/types/gun/IGunInstanceRoot.d.ts": "d33dbaaf95e7c721b8b9eb55c243c4577015ec1fd5f2898a3baff8703fe7b272",
    "https://esm.sh/v113/gun@0.2020.1237/types/gun/IGunMeta.d.ts": "d5c5ed9d94643fca8928d3f40c8243d30455d284d7549bb4cf9b06c16bf10880",
    "https://esm.sh/v113/gun@0.2020.1237/types/gun/IGunOnEvent.d.ts": "048b7bee10b36b44d2c191aa7e15c74279b249c1584276051a3e4dd0dc0ef7b1",
    "https://esm.sh/v113/gun@0.2020.1237/types/gun/LEX.d.ts": "62acd6db7df15a459b1965f45d732e588eed45c628c9807fba37d1f11c7c7037",
    "https://esm.sh/v113/gun@0.2020.1237/types/gun/LEXQuery.d.ts": "fb4fec4c99e928d797b774633dc3a15d449ed02e7f3290d394d57d7beb5dbd02",
    "https://esm.sh/v113/gun@0.2020.1237/types/gun/_GunRoot.d.ts": "abd5f3e142b8ea23b409d94faafe54679faa8186d3ba4857adcc097673ceb70a",
    "https://esm.sh/v113/gun@0.2020.1237/types/gun/index.d.ts": "942020e4bc72a6cce1060900017152af5fdee55c42a664bd971f87ec60dd17a3",
    "https://esm.sh/v113/gun@0.2020.1237/types/gun/pany.d.ts": "0add5ce9c3717891bf9c14a5984794f49b15a68d40800bd51a857ce372532104",
    "https://esm.sh/v113/gun@0.2020.1237/types/index.d.ts": "49d791c6411e2fa3b45f3834b2d1fa24ffa61a7a7f62a1d7e57867882a4918fa",
    "https://esm.sh/v113/gun@0.2020.1237/types/sea/GunCallbackUserAuth.d.ts": "8628c844678ea02d53cb8fb79d533f994639a8f98a4d96eba5d478f7f0df8d4f",
    "https://esm.sh/v113/gun@0.2020.1237/types/sea/GunCallbackUserCreate.d.ts": "86d2d9a8358e10a8b6d9ee8f549aff46fa28b10c9a8afcd3c484adb4eae0100d",
    "https://esm.sh/v113/gun@0.2020.1237/types/sea/GunHookCallbackAuth.d.ts": "1818972551eaa723aa6c0b3e5899930a8174ec9511b67772f43bd0e935328dee",
    "https://esm.sh/v113/gun@0.2020.1237/types/sea/GunUser.d.ts": "a8bb298292ed1bdf7d127c1045d03f8a57cb7a1f162d40f1227561d4cb1dda71",
    "https://esm.sh/v113/gun@0.2020.1237/types/sea/IGun.d.ts": "6e408b73d046df23c60b8de4001aea8c3aef1c8c2e1fd21de09c27171c8063d5",
    "https://esm.sh/v113/gun@0.2020.1237/types/sea/IGunInstance.d.ts": "261ab15790583cf445e40576e1bdb101581896f6647cccc8fd635b0d7c5bb4e5",
    "https://esm.sh/v113/gun@0.2020.1237/types/sea/IGunInstanceHookHandler.d.ts": "abe0e759eb328617d9608af998bc4af0064a055d56a763542dbe2deed1d40b0a",
    "https://esm.sh/v113/gun@0.2020.1237/types/sea/IGunUserInstance.d.ts": "70eb3db130e1d20dacdd5dd1b117e43836f4690d25c4bc73c7cc59e4a001c25c",
    "https://esm.sh/v113/gun@0.2020.1237/types/sea/IPolicy.d.ts": "c38f90f6a3f7abe16384ffc96917c5c46d5d45c1a259876a0f92ff6224c84ed9",
    "https://esm.sh/v113/gun@0.2020.1237/types/sea/ISEA.d.ts": "47b2918b223be10ca09efaaf27517214a0b9560ec0102eddc6364c93e1f20407",
    "https://esm.sh/v113/gun@0.2020.1237/types/sea/ISEAPair.d.ts": "568ee1f8fb68bb33782f14be804645e40eb286d42e5534238791f4a3bc4da328",
    "https://esm.sh/v113/gun@0.2020.1237/types/sea/OptionsUserAuth.d.ts": "4972ff90332552955f988ef1893db053ac5c00c9a957f68164c705acf20506b1",
    "https://esm.sh/v113/gun@0.2020.1237/types/sea/OptionsUserRecall.d.ts": "4010a8a520e293575548e03c98e9c0108c0d4b68f46532f16b089ba5dd4aa3d4",
    "https://esm.sh/v113/gun@0.2020.1237/types/sea/Policy.d.ts": "18f9d1ed06c0eef2f10759aaf5912a4c9cb3a3b6fc8afb3c231c0371173af523",
    "https://esm.sh/v113/gun@0.2020.1237/types/sea/index.d.ts": "336d7cd6867e2d4fc2afea18acf2c1fca7118a475c65e79a4771c7b0f24e8c9d",
    "https://esm.sh/v113/gun@0.2020.1237/types/utils.d.ts": "fa0a774121ed342c752a1c29433835626bf390bcf3f9234ca93c8185f104d11e",
    "https://raw.githubusercontent.com/jshttp/mime-db/v1.52.0/db.json": "85c8e1ba609079947c8df83c092900ab0226e1d7b60e5e7105fb7dd701833263"
  }
}
